
Microsoft Visual Studio Solution File, Format Version 12.00
# Visual Studio Version 17
VisualStudioVersion = 17.11.35219.272
MinimumVisualStudioVersion = 10.0.40219.1
Project("{FAE04EC0-301F-11D3-BF4B-00C04F79EFBC}") = "Command Pattern", "Command Pattern.csproj", "{D75031D1-E375-4E72-8AA8-45E1822559C6}"
EndProject
Global
	GlobalSection(SolutionConfigurationPlatforms) = preSolution
		Debug|Any CPU = Debug|Any CPU
		Release|Any CPU = Release|Any CPU
	EndGlobalSection
	GlobalSection(ProjectConfigurationPlatforms) = postSolution
		{D75031D1-E375-4E72-8AA8-45E1822559C6}.Debug|Any CPU.ActiveCfg = Debug|Any CPU
		{D75031D1-E375-4E72-8AA8-45E1822559C6}.Debug|Any CPU.Build.0 = Debug|Any CPU
		{D75031D1-E375-4E72-8AA8-45E1822559C6}.Release|Any CPU.ActiveCfg = Release|Any CPU
		{D75031D1-E375-4E72-8AA8-45E1822559C6}.Release|Any CPU.Build.0 = Release|Any CPU
	EndGlobalSection
	GlobalSection(SolutionProperties) = preSolution
		HideSolutionNode = FALSE
	EndGlobalSection
	GlobalSection(ExtensibilityGlobals) = postSolution
		SolutionGuid = {CC98D001-4367-4707-A6DD-2A7BDEAB0A64}
	EndGlobalSection
EndGlobal
