
Microsoft Visual Studio Solution File, Format Version 12.00
# Visual Studio Version 17
VisualStudioVersion = 17.11.35219.272
MinimumVisualStudioVersion = 10.0.40219.1
Project("{FAE04EC0-301F-11D3-BF4B-00C04F79EFBC}") = "Template Mothod Pattern", "Template Mothod Pattern.csproj", "{92876112-29B5-4C1E-9FC7-E292FD490EF5}"
EndProject
Global
	GlobalSection(SolutionConfigurationPlatforms) = preSolution
		Debug|Any CPU = Debug|Any CPU
		Release|Any CPU = Release|Any CPU
	EndGlobalSection
	GlobalSection(ProjectConfigurationPlatforms) = postSolution
		{92876112-29B5-4C1E-9FC7-E292FD490EF5}.Debug|Any CPU.ActiveCfg = Debug|Any CPU
		{92876112-29B5-4C1E-9FC7-E292FD490EF5}.Debug|Any CPU.Build.0 = Debug|Any CPU
		{92876112-29B5-4C1E-9FC7-E292FD490EF5}.Release|Any CPU.ActiveCfg = Release|Any CPU
		{92876112-29B5-4C1E-9FC7-E292FD490EF5}.Release|Any CPU.Build.0 = Release|Any CPU
	EndGlobalSection
	GlobalSection(SolutionProperties) = preSolution
		HideSolutionNode = FALSE
	EndGlobalSection
	GlobalSection(ExtensibilityGlobals) = postSolution
		SolutionGuid = {C1D84B73-0A99-473E-AFB4-7F19D10C9665}
	EndGlobalSection
EndGlobal
